schema_version: "1.0"
created_date: "2026-08-17"
baseline_commit: "c6681039e0b7acf35c9cdbee43040a3dca29cdab"
status: "partially_locked_remaining_revisions_must_freeze_before_benchmark"
rules:
  - "Each comparator uses its documented intended mode and preprocessing."
  - "Automatic, series-assisted, outline-assisted and expert-assisted results remain separate."
  - "A failed reproduction is documented and is not counted as a model defeat."
comparators:
  - id: "deepslice_publication_v0_3"
    role: "primary_automatic_pose"
    status: "publication_release_identified"
    citation: "carey2023deepslice"
    publication_doi: "10.1038/s41467-023-41645-4"
    code_archive_doi: "10.5281/zenodo.8221471"
    benchmark_data_doi: "10.25949/22802411"
    required_modes:
      - "raw_single_slice"
      - "MEns_AI_CI_series_assisted"
    evaluator: "official corresponding-pixel brain-masked CCF plane distance"
  - id: "deepslice_bundled_1_2_8"
    role: "secondary_current_runtime_pose"
    status: "weights_locked"
    version: "1.2.8"
    primary_onnx:
      path: "models/DeepSlice/deepslice_mouse_primary_opset18.onnx"
      sha256: "90ce8d4662f53a602035a99d5145c0e6ae8924cde7f9de440cf6b74f79c791ac"
    secondary_onnx:
      path: "models/DeepSlice/deepslice_mouse_secondary_opset18.onnx"
      sha256: "2d7b5e44d9dc4aa6009df6c3cc7e8a0cbb9fd33dc63a8bd2ac43ea5999237978"
  - id: "atlaspose_frozen"
    role: "primary_internal_pose_baseline"
    status: "locked"
    repository_commit: "c6681039e0b7acf35c9cdbee43040a3dca29cdab"
    model_path: "models/AtlasPose/atlas_pose.onnx"
    model_sha256: "803383bde833bf1cb9549c2a9f44314c5c7827d2f67527901ec7a76f5d7a6495"
    metadata_path: "models/AtlasPose/atlas_pose.json"
    release_report_path: "models/AtlasPose/RELEASE_REPORT.json"
  - id: "atlaswarp_frozen"
    role: "primary_internal_dense_baseline"
    status: "locked_rejected_candidate"
    repository_commit: "c6681039e0b7acf35c9cdbee43040a3dca29cdab"
    model_path: "models/DiffeomorphicRegistration/dense_registration.onnx"
    model_sha256: "567076b75039ee5f6498918feedfe638237ff4be067dfadc915a40d5c36b8dce"
    metadata_path: "models/DiffeomorphicRegistration/dense_registration.metadata.json"
  - id: "ambia_2023"
    role: "primary_automatic_pose_and_dense_candidate"
    status: "paper_locked_implementation_revision_pending"
    citation: "sadeghi2023ambia"
    publication_doi: "10.1007/s12021-023-09632-8"
    implementation: "https://github.com/mrymsadeghi/AMBIA"
    freeze_requirement: "commit, environment, weights and runnable mode before benchmark access"
  - id: "xiong_2018_sequence"
    role: "secondary_automatic_sequence_pose_and_dense"
    status: "paper_locked_reproduction_pending"
    citation: "xiong2018mapping"
    publication_doi: "10.3389/fninf.2018.00093"
    freeze_requirement: "published MATLAB implementation hash and reproducible benchmark adapter"
  - id: "quicknii_visualign_expert"
    role: "expert_assisted_operational_reference"
    status: "versions_pending_annotation_protocol_freeze"
    citation: "puchades2019quicknii"
    not_automatic: true
  - id: "classical_dense_registration"
    role: "correct_plane_dense_reference"
    status: "implementation_pending"
    candidate: "ABBA/Elastix or documented AMBIA Ardent path"
    freeze_requirement: "one implementation and configuration fixed after development pilot"
  - id: "voxelmorph_control"
    role: "newly_trained_architectural_dense_control"
    status: "architecture_reference_locked_training_config_pending"
    citation: "balakrishnan2019voxelmorph"
    fairness: "same manifests, seed count and selection budget as proposed model"
  - id: "lapirn_control"
    role: "newly_trained_coarse_to_fine_dense_control"
    status: "architecture_reference_locked_training_config_pending"
    citation: "mok2020lapirn"
    fairness: "same manifests, seed count and selection budget as proposed model"
